
Microsoft Visual Studio Solution File, Format Version 12.00
# Visual Studio Version 16
VisualStudioVersion = 16.0.30011.22
MinimumVisualStudioVersion = 10.0.40219.1
Project("{FAE04EC0-301F-11D3-BF4B-00C04F79EFBC}") = "FAQFunctionApp", "FAQFunctionApp\FAQFunctionApp.csproj", "{3BB209A7-1384-4483-84CC-958D539B1C4A}"
EndProject
Global
	GlobalSection(SolutionConfigurationPlatforms) = preSolution
		Debug|Any CPU = Debug|Any CPU
		Release|Any CPU = Release|Any CPU
	EndGlobalSection
	GlobalSection(ProjectConfigurationPlatforms) = postSolution
		{3BB209A7-1384-4483-84CC-958D539B1C4A}.Debug|Any CPU.ActiveCfg = Debug|Any CPU
		{3BB209A7-1384-4483-84CC-958D539B1C4A}.Debug|Any CPU.Build.0 = Debug|Any CPU
		{3BB209A7-1384-4483-84CC-958D539B1C4A}.Release|Any CPU.ActiveCfg = Release|Any CPU
		{3BB209A7-1384-4483-84CC-958D539B1C4A}.Release|Any CPU.Build.0 = Release|Any CPU
	EndGlobalSection
	GlobalSection(SolutionProperties) = preSolution
		HideSolutionNode = FALSE
	EndGlobalSection
	GlobalSection(ExtensibilityGlobals) = postSolution
		SolutionGuid = {B1FAE12C-B717-43E0-9DBB-33BF8B4E7F75}
	EndGlobalSection
EndGlobal
